
Microsoft Visual Studio Solution File, Format Version 12.00
# Visual Studio Version 17
VisualStudioVersion = 17.5.33414.496
MinimumVisualStudioVersion = 10.0.40219.1
Project("{FAE04EC0-301F-11D3-BF4B-00C04F79EFBC}") = "GFK", "GFK\GFK.csproj", "{A44A7542-CF23-42ED-B46B-711E886DB11B}"
EndProject
Global
	GlobalSection(SolutionConfigurationPlatforms) = preSolution
		Debug|Any CPU = Debug|Any CPU
		Release|Any CPU = Release|Any CPU
	EndGlobalSection
	GlobalSection(ProjectConfigurationPlatforms) = postSolution
		{A44A7542-CF23-42ED-B46B-711E886DB11B}.Debug|Any CPU.ActiveCfg = Debug|Any CPU
		{A44A7542-CF23-42ED-B46B-711E886DB11B}.Debug|Any CPU.Build.0 = Debug|Any CPU
		{A44A7542-CF23-42ED-B46B-711E886DB11B}.Release|Any CPU.ActiveCfg = Release|Any CPU
		{A44A7542-CF23-42ED-B46B-711E886DB11B}.Release|Any CPU.Build.0 = Release|Any CPU
	EndGlobalSection
	GlobalSection(SolutionProperties) = preSolution
		HideSolutionNode = FALSE
	EndGlobalSection
	GlobalSection(ExtensibilityGlobals) = postSolution
		SolutionGuid = {3BDCEC50-FD14-404B-98F6-292B2B243E9D}
	EndGlobalSection
EndGlobal
